{
  "nodes": {
    "flake-parts": {
      "inputs": {
        "nixpkgs-lib": "nixpkgs-lib"
      },
      "locked": {
        "lastModified": 1725234343,
        "narHash": "sha256-+ebgonl3NbiKD2UD0x4BszCZQ6sTfL4xioaM49o5B3Y=",
        "owner": "hercules-ci",
        "repo": "flake-parts",
        "rev": "567b938d64d4b4112ee253b9274472dc3a346eb6",
        "type": "github"
      },
      "original": {
        "owner": "hercules-ci",
        "repo": "flake-parts",
        "type": "github"
      }
    },
    "flake-utils": {
      "locked": {
        "lastModified": 1659877975,
        "narHash": "sha256-zllb8aq3YO3h8B/U0/J1WBgAL8EX5yWf5pMj3G0NAmc=",
        "owner": "numtide",
        "repo": "flake-utils",
        "rev": "c0e246b9b83f637f4681389ecabcb2681b4f3af0",
        "type": "github"
      },
      "original": {
        "owner": "numtide",
        "repo": "flake-utils",
        "type": "github"
      }
    },
    "home-manager": {
      "inputs": {
        "nixpkgs": [
          "nixpkgs"
        ]
      },
      "locked": {
        "lastModified": 1720042825,
        "narHash": "sha256-A0vrUB6x82/jvf17qPCpxaM+ulJnD8YZwH9Ci0BsAzE=",
        "owner": "nix-community",
        "repo": "home-manager",
        "rev": "e1391fb22e18a36f57e6999c7a9f966dc80ac073",
        "type": "github"
      },
      "original": {
        "owner": "nix-community",
        "ref": "release-24.05",
        "repo": "home-manager",
        "type": "github"
      }
    },
    "nix-index-database": {
      "inputs": {
        "nixpkgs": [
          "nixpkgs"
        ]
      },
      "locked": {
        "lastModified": 1725161148,
        "narHash": "sha256-WfAHq3Ag3vLNFfWxKHjFBFdPI6JIideWFJod9mx1eoo=",
        "owner": "nix-community",
        "repo": "nix-index-database",
        "rev": "32058e9138248874773630c846563b1a78ee7a5b",
        "type": "github"
      },
      "original": {
        "owner": "nix-community",
        "repo": "nix-index-database",
        "type": "github"
      }
    },
    "nixgl": {
      "inputs": {
        "flake-utils": "flake-utils",
        "nixpkgs": [
          "nixpkgs"
        ]
      },
      "locked": {
        "lastModified": 1713543440,
        "narHash": "sha256-lnzZQYG0+EXl/6NkGpyIz+FEOc/DSEG57AP1VsdeNrM=",
        "owner": "guibou",
        "repo": "nixGL",
        "rev": "310f8e49a149e4c9ea52f1adf70cdc768ec53f8a",
        "type": "github"
      },
      "original": {
        "owner": "guibou",
        "repo": "nixGL",
        "type": "github"
      }
    },
    "nixlib": {
      "locked": {
        "lastModified": 1725757153,
        "narHash": "sha256-c1a6iLmCVPFI9EUVMrBN8xdmFxFXEjcVwiTSVmqajOs=",
        "owner": "nix-community",
        "repo": "nixpkgs.lib",
        "rev": "68584f89dd0eb16fea5d80ae127f3f681f6a5df7",
        "type": "github"
      },
      "original": {
        "owner": "nix-community",
        "repo": "nixpkgs.lib",
        "type": "github"
      }
    },
    "nixos-generators": {
      "inputs": {
        "nixlib": "nixlib",
        "nixpkgs": [
          "nixpkgs"
        ]
      },
      "locked": {
        "lastModified": 1726102718,
        "narHash": "sha256-u89QyfjtXryLHrO3Wre4kuWK5KDKiXe8lgRi6+cUOEw=",
        "owner": "nix-community",
        "repo": "nixos-generators",
        "rev": "5ae384b83b91080f0fead6bc1add1cff8277cb3f",
        "type": "github"
      },
      "original": {
        "owner": "nix-community",
        "repo": "nixos-generators",
        "type": "github"
      }
    },
    "nixos-hardware": {
      "locked": {
        "lastModified": 1725477728,
        "narHash": "sha256-ahej1VRqKmWbG7gewty+GlrSBEeGY/J2Zy8Nt8+3fdg=",
        "owner": "NixOS",
        "repo": "nixos-hardware",
        "rev": "880be1ab837e1e9fe0449dae41ac4d034694d4ce",
        "type": "github"
      },
      "original": {
        "id": "nixos-hardware",
        "type": "indirect"
      }
    },
    "nixpkgs": {
      "locked": {
        "lastModified": 1725407940,
        "narHash": "sha256-tiN5Rlg/jiY0tyky+soJZoRzLKbPyIdlQ77xVgREDNM=",
        "owner": "NixOS",
        "repo": "nixpkgs",
        "rev": "6f6c45b5134a8ee2e465164811e451dcb5ad86e3",
        "type": "github"
      },
      "original": {
        "owner": "NixOS",
        "ref": "nixos-24.05",
        "repo": "nixpkgs",
        "type": "github"
      }
    },
    "nixpkgs-lib": {
      "locked": {
        "lastModified": 1725233747,
        "narHash": "sha256-Ss8QWLXdr2JCBPcYChJhz4xJm+h/xjl4G0c0XlP6a74=",
        "type": "tarball",
        "url": "https://github.com/NixOS/nixpkgs/archive/356624c12086a18f2ea2825fed34523d60ccc4e3.tar.gz"
      },
      "original": {
        "type": "tarball",
        "url": "https://github.com/NixOS/nixpkgs/archive/356624c12086a18f2ea2825fed34523d60ccc4e3.tar.gz"
      }
    },
    "nixpkgs_unstable": {
      "locked": {
        "lastModified": 1725432240,
        "narHash": "sha256-+yj+xgsfZaErbfYM3T+QvEE2hU7UuE+Jf0fJCJ8uPS0=",
        "owner": "nixos",
        "repo": "nixpkgs",
        "rev": "ad416d066ca1222956472ab7d0555a6946746a80",
        "type": "github"
      },
      "original": {
        "owner": "nixos",
        "ref": "nixos-unstable",
        "repo": "nixpkgs",
        "type": "github"
      }
    },
    "root": {
      "inputs": {
        "flake-parts": "flake-parts",
        "home-manager": "home-manager",
        "nix-index-database": "nix-index-database",
        "nixgl": "nixgl",
        "nixos-generators": "nixos-generators",
        "nixos-hardware": "nixos-hardware",
        "nixpkgs": "nixpkgs",
        "nixpkgs_unstable": "nixpkgs_unstable"
      }
    }
  },
  "root": "root",
  "version": 7
}
